{
  "name": "ajs-homework3-1-1",
  "version": "1.0.0",
  "lockfileVersion": 2,
  "requires": true,
  "packages": {
    "": {
      "name": "ajs-homework3-1-1",
      "version": "1.0.0",
      "license": "ISC",
      "dependencies": {
        "@alexandersamisko/ajs-homework3-1": "^1.0.0"
      }
    },
    "node_modules/@alexandersamisko/ajs-homework3-1": {
      "version": "1.0.0",
      "resolved": "https://npm.pkg.github.com/download/@alexandersamisko/ajs-homework3-1/1.0.0/9a1ac42c228101c0d4aaae64bf4b6439e3f0e4f0909abe2d9cdd46b822863b10",
      "integrity": "sha512-MoS/uW8RElYpp8rk7D+GvGcePmxYrL2NeSpklHRH/AnoNNoV9bFi/nm5FA8aQiPpaF3jyzqbtG5DJTZum/CgfA==",
      "license": "ISC"
    }
  },
  "dependencies": {
    "@alexandersamisko/ajs-homework3-1": {
      "version": "1.0.0",
      "resolved": "https://npm.pkg.github.com/download/@alexandersamisko/ajs-homework3-1/1.0.0/9a1ac42c228101c0d4aaae64bf4b6439e3f0e4f0909abe2d9cdd46b822863b10",
      "integrity": "sha512-MoS/uW8RElYpp8rk7D+GvGcePmxYrL2NeSpklHRH/AnoNNoV9bFi/nm5FA8aQiPpaF3jyzqbtG5DJTZum/CgfA=="
    }
  }
}
